Microsoft Visual Studio Solution File, Format Version 11.00
# Visual Studio 2008

Project("{7E41BAFF-DBE8-446F-C8C9-0E10A8BFAA41}") = "Draw_Game_Revengeance", "Assembly-CSharp-firstpass.csproj", "{0B5F33E2-8909-F603-5338-FCED2312BC75}"
EndProject
Project("{7E41BAFF-DBE8-446F-C8C9-0E10A8BFAA41}") = "Draw_Game_Revengeance", "Assembly-CSharp.csproj", "{204798CE-B875-40AD-43E5-E44A1D047F26}"
EndProject
Project("{7E41BAFF-DBE8-446F-C8C9-0E10A8BFAA41}") = "Draw_Game_Revengeance", "Assembly-CSharp-Editor.csproj", "{67BE341A-64BD-EF4B-CAC3-68739316033C}"
EndProject
Project("{7E41BAFF-DBE8-446F-C8C9-0E10A8BFAA41}") = "Draw_Game_Revengeance", "Assembly-UnityScript-firstpass.unityproj", "{4A1BF496-E056-BE06-DAE8-FE94E661B380}"
EndProject
Project("{7E41BAFF-DBE8-446F-C8C9-0E10A8BFAA41}") = "Draw_Game_Revengeance", "Assembly-UnityScript.unityproj", "{A1876744-D9A5-1572-6D3F-3FBD711A7922}"
EndProject
Project("{7E41BAFF-DBE8-446F-C8C9-0E10A8BFAA41}") = "Draw_Game_Revengeance", "Assembly-UnityScript-Editor.unityproj", "{93910A2C-64E8-379B-95C0-FB82C7C23EC9}"
EndProject
Global
	GlobalSection(SolutionConfigurationPlatforms) = preSolution
		Debug|Any CPU = Debug|Any CPU
		Release|Any CPU = Release|Any CPU
	EndGlobalSection
	GlobalSection(ProjectConfigurationPlatforms) = postSolution
		{0B5F33E2-8909-F603-5338-FCED2312BC75}.Debug|Any CPU.ActiveCfg = Debug|Any CPU
		{0B5F33E2-8909-F603-5338-FCED2312BC75}.Debug|Any CPU.Build.0 = Debug|Any CPU
		{0B5F33E2-8909-F603-5338-FCED2312BC75}.Release|Any CPU.ActiveCfg = Release|Any CPU
		{0B5F33E2-8909-F603-5338-FCED2312BC75}.Release|Any CPU.Build.0 = Release|Any CPU
		{204798CE-B875-40AD-43E5-E44A1D047F26}.Debug|Any CPU.ActiveCfg = Debug|Any CPU
		{204798CE-B875-40AD-43E5-E44A1D047F26}.Debug|Any CPU.Build.0 = Debug|Any CPU
		{204798CE-B875-40AD-43E5-E44A1D047F26}.Release|Any CPU.ActiveCfg = Release|Any CPU
		{204798CE-B875-40AD-43E5-E44A1D047F26}.Release|Any CPU.Build.0 = Release|Any CPU
		{67BE341A-64BD-EF4B-CAC3-68739316033C}.Debug|Any CPU.ActiveCfg = Debug|Any CPU
		{67BE341A-64BD-EF4B-CAC3-68739316033C}.Debug|Any CPU.Build.0 = Debug|Any CPU
		{67BE341A-64BD-EF4B-CAC3-68739316033C}.Release|Any CPU.ActiveCfg = Release|Any CPU
		{67BE341A-64BD-EF4B-CAC3-68739316033C}.Release|Any CPU.Build.0 = Release|Any CPU
		{4A1BF496-E056-BE06-DAE8-FE94E661B380}.Debug|Any CPU.ActiveCfg = Debug|Any CPU
		{4A1BF496-E056-BE06-DAE8-FE94E661B380}.Debug|Any CPU.Build.0 = Debug|Any CPU
		{4A1BF496-E056-BE06-DAE8-FE94E661B380}.Release|Any CPU.ActiveCfg = Release|Any CPU
		{4A1BF496-E056-BE06-DAE8-FE94E661B380}.Release|Any CPU.Build.0 = Release|Any CPU
		{A1876744-D9A5-1572-6D3F-3FBD711A7922}.Debug|Any CPU.ActiveCfg = Debug|Any CPU
		{A1876744-D9A5-1572-6D3F-3FBD711A7922}.Debug|Any CPU.Build.0 = Debug|Any CPU
		{A1876744-D9A5-1572-6D3F-3FBD711A7922}.Release|Any CPU.ActiveCfg = Release|Any CPU
		{A1876744-D9A5-1572-6D3F-3FBD711A7922}.Release|Any CPU.Build.0 = Release|Any CPU
		{93910A2C-64E8-379B-95C0-FB82C7C23EC9}.Debug|Any CPU.ActiveCfg = Debug|Any CPU
		{93910A2C-64E8-379B-95C0-FB82C7C23EC9}.Debug|Any CPU.Build.0 = Debug|Any CPU
		{93910A2C-64E8-379B-95C0-FB82C7C23EC9}.Release|Any CPU.ActiveCfg = Release|Any CPU
		{93910A2C-64E8-379B-95C0-FB82C7C23EC9}.Release|Any CPU.Build.0 = Release|Any CPU
	EndGlobalSection
	GlobalSection(SolutionProperties) = preSolution
		HideSolutionNode = FALSE
	EndGlobalSection
																													GlobalSection(MonoDevelopProperties) = preSolution
		StartupItem = Assembly-CSharp.csproj
		Policies = $0
		$0.TextStylePolicy = $1
		$1.inheritsSet = null
		$1.scope = text/x-csharp
		$0.CSharpFormattingPolicy = $2
		$2.inheritsSet = Mono
		$2.inheritsScope = text/x-csharp
		$2.scope = text/x-csharp
		$0.TextStylePolicy = $3
		$3.FileWidth = 120
		$3.TabWidth = 4
		$3.EolMarker = Unix
		$3.inheritsSet = Mono
		$3.inheritsScope = text/plain
		$3.scope = text/plain
	EndGlobalSection

EndGlobal
