Microsoft Visual Studio Solution File, Format Version 11.00
# Visual Studio 2008

Project("{9A40FB1D-37C4-4E2F-FFDB-0EBB89D69B52}") = "Draw_game", "Assembly-CSharp-firstpass.csproj", "{9126ABE8-2D35-B2BD-5E15-E9D5A16F70F4}"
EndProject
Project("{9A40FB1D-37C4-4E2F-FFDB-0EBB89D69B52}") = "Draw_game", "Assembly-CSharp.csproj", "{3F0F69B8-4070-E260-465A-B4C781CFD7D6}"
EndProject
Project("{9A40FB1D-37C4-4E2F-FFDB-0EBB89D69B52}") = "Draw_game", "Assembly-UnityScript-firstpass.unityproj", "{FCAEC565-34A1-131A-B026-F2BFABC9D3A0}"
EndProject
Project("{9A40FB1D-37C4-4E2F-FFDB-0EBB89D69B52}") = "Draw_game", "Assembly-UnityScript.unityproj", "{17B35055-92A4-000A-C2F9-951898DB792E}"
EndProject
Global
	GlobalSection(SolutionConfigurationPlatforms) = preSolution
		Debug|Any CPU = Debug|Any CPU
		Release|Any CPU = Release|Any CPU
	EndGlobalSection
	GlobalSection(ProjectConfigurationPlatforms) = postSolution
		{9126ABE8-2D35-B2BD-5E15-E9D5A16F70F4}.Debug|Any CPU.ActiveCfg = Debug|Any CPU
		{9126ABE8-2D35-B2BD-5E15-E9D5A16F70F4}.Debug|Any CPU.Build.0 = Debug|Any CPU
		{9126ABE8-2D35-B2BD-5E15-E9D5A16F70F4}.Release|Any CPU.ActiveCfg = Release|Any CPU
		{9126ABE8-2D35-B2BD-5E15-E9D5A16F70F4}.Release|Any CPU.Build.0 = Release|Any CPU
		{3F0F69B8-4070-E260-465A-B4C781CFD7D6}.Debug|Any CPU.ActiveCfg = Debug|Any CPU
		{3F0F69B8-4070-E260-465A-B4C781CFD7D6}.Debug|Any CPU.Build.0 = Debug|Any CPU
		{3F0F69B8-4070-E260-465A-B4C781CFD7D6}.Release|Any CPU.ActiveCfg = Release|Any CPU
		{3F0F69B8-4070-E260-465A-B4C781CFD7D6}.Release|Any CPU.Build.0 = Release|Any CPU
		{FCAEC565-34A1-131A-B026-F2BFABC9D3A0}.Debug|Any CPU.ActiveCfg = Debug|Any CPU
		{FCAEC565-34A1-131A-B026-F2BFABC9D3A0}.Debug|Any CPU.Build.0 = Debug|Any CPU
		{FCAEC565-34A1-131A-B026-F2BFABC9D3A0}.Release|Any CPU.ActiveCfg = Release|Any CPU
		{FCAEC565-34A1-131A-B026-F2BFABC9D3A0}.Release|Any CPU.Build.0 = Release|Any CPU
		{17B35055-92A4-000A-C2F9-951898DB792E}.Debug|Any CPU.ActiveCfg = Debug|Any CPU
		{17B35055-92A4-000A-C2F9-951898DB792E}.Debug|Any CPU.Build.0 = Debug|Any CPU
		{17B35055-92A4-000A-C2F9-951898DB792E}.Release|Any CPU.ActiveCfg = Release|Any CPU
		{17B35055-92A4-000A-C2F9-951898DB792E}.Release|Any CPU.Build.0 = Release|Any CPU
	EndGlobalSection
	GlobalSection(SolutionProperties) = preSolution
		HideSolutionNode = FALSE
	EndGlobalSection
																																																																													GlobalSection(MonoDevelopProperties) = preSolution
		StartupItem = Assembly-CSharp.csproj
		Policies = $0
		$0.TextStylePolicy = $1
		$1.inheritsSet = null
		$1.scope = text/x-csharp
		$0.CSharpFormattingPolicy = $2
		$2.inheritsSet = Mono
		$2.inheritsScope = text/x-csharp
		$2.scope = text/x-csharp
		$0.TextStylePolicy = $3
		$3.FileWidth = 120
		$3.TabWidth = 4
		$3.EolMarker = Unix
		$3.inheritsSet = Mono
		$3.inheritsScope = text/plain
		$3.scope = text/plain
	EndGlobalSection

EndGlobal
